// !$*UTF8*$!
{
	archiveVersion = 1;
	classes = {
	};
	objectVersion = 48;
	objects = {

/* Begin PBXBuildFile section */
		12AF43022062AE47006A7EBE /* AppDelegate.swift in Sources */ = {isa = PBXBuildFile; fileRef = 12AF43012062AE47006A7EBE /* AppDelegate.swift */; };
		12AF43042062AE47006A7EBE /* ViewController.swift in Sources */ = {isa = PBXBuildFile; fileRef = 12AF43032062AE47006A7EBE /* ViewController.swift */; };
		12AF43072062AE47006A7EBE /* Main.storyboard in Resources */ = {isa = PBXBuildFile; fileRef = 12AF43052062AE47006A7EBE /* Main.storyboard */; };
		12AF43092062AE47006A7EBE /* Assets.xcassets in Resources */ = {isa = PBXBuildFile; fileRef = 12AF43082062AE47006A7EBE /* Assets.xcassets */; };
		12AF430C2062AE47006A7EBE /* LaunchScreen.storyboard in Resources */ = {isa = PBXBuildFile; fileRef = 12AF430A2062AE47006A7EBE /* LaunchScreen.storyboard */; };
		12AF43172062AE47006A7EBE /* quizTests.swift in Sources */ = {isa = PBXBuildFile; fileRef = 12AF43162062AE47006A7EBE /* quizTests.swift */; };
		12AF43222062AE48006A7EBE /* quizUITests.swift in Sources */ = {isa = PBXBuildFile; fileRef = 12AF43212062AE48006A7EBE /* quizUITests.swift */; };
/* End PBXBuildFile section */

/* Begin PBXContainerItemProxy section */
		12AF43132062AE47006A7EBE /* PBXContainerItemProxy */ = {
			isa = PBXContainerItemProxy;
			containerPortal = 12AF42F62062AE47006A7EBE /* Project object */;
			proxyType = 1;
			remoteGlobalIDString = 12AF42FD2062AE47006A7EBE;
			remoteInfo = quiz;
		};
		12AF431E2062AE48006A7EBE /* PBXContainerItemProxy */ = {
			isa = PBXContainerItemProxy;
			containerPortal = 12AF42F62062AE47006A7EBE /* Project object */;
			proxyType = 1;
			remoteGlobalIDString = 12AF42FD2062AE47006A7EBE;
			remoteInfo = quiz;
		};
/* End PBXContainerItemProxy section */

/* Begin PBXFileReference section */
		12AF42FE2062AE47006A7EBE /* quiz.app */ = {isa = PBXFileReference; explicitFileType = wrapper.application; includeInIndex = 0; path = quiz.app; sourceTree = BUILT_PRODUCTS_DIR; };
		12AF43012062AE47006A7EBE /* AppDelegate.swift */ = {isa = PBXFileReference; lastKnownFileType = sourcecode.swift; path = AppDelegate.swift; sourceTree = "<group>"; };
		12AF43032062AE47006A7EBE /* ViewController.swift */ = {isa = PBXFileReference; lastKnownFileType = sourcecode.swift; path = ViewController.swift; sourceTree = "<group>"; };
		12AF43062062AE47006A7EBE /* Base */ = {isa = PBXFileReference; lastKnownFileType = file.storyboard; name = Base; path = Base.lproj/Main.storyboard; sourceTree = "<group>"; };
		12AF43082062AE47006A7EBE /* Assets.xcassets */ = {isa = PBXFileReference; lastKnownFileType = folder.assetcatalog; path = Assets.xcassets; sourceTree = "<group>"; };
		12AF430B2062AE47006A7EBE /* Base */ = {isa = PBXFileReference; lastKnownFileType = file.storyboard; name = Base; path = Base.lproj/LaunchScreen.storyboard; sourceTree = "<group>"; };
		12AF430D2062AE47006A7EBE /* Info.plist */ = {isa = PBXFileReference; lastKnownFileType = text.plist.xml; path = Info.plist; sourceTree = "<group>"; };
		12AF43122062AE47006A7EBE /* quizTests.xctest */ = {isa = PBXFileReference; explicitFileType = wrapper.cfbundle; includeInIndex = 0; path = quizTests.xctest; sourceTree = BUILT_PRODUCTS_DIR; };
		12AF43162062AE47006A7EBE /* quizTests.swift */ = {isa = PBXFileReference; lastKnownFileType = sourcecode.swift; path = quizTests.swift; sourceTree = "<group>"; };
		12AF43182062AE47006A7EBE /* Info.plist */ = {isa = PBXFileReference; lastKnownFileType = text.plist.xml; path = Info.plist; sourceTree = "<group>"; };
		12AF431D2062AE48006A7EBE /* quizUITests.xctest */ = {isa = PBXFileReference; explicitFileType = wrapper.cfbundle; includeInIndex = 0; path = quizUITests.xctest; sourceTree = BUILT_PRODUCTS_DIR; };
		12AF43212062AE48006A7EBE /* quizUITests.swift */ = {isa = PBXFileReference; lastKnownFileType = sourcecode.swift; path = quizUITests.swift; sourceTree = "<group>"; };
		12AF43232062AE48006A7EBE /* Info.plist */ = {isa = PBXFileReference; lastKnownFileType = text.plist.xml; path = Info.plist; sourceTree = "<group>"; };
/* End PBXFileReference section */

/* Begin PBXFrameworksBuildPhase section */
		12AF42FB2062AE47006A7EBE /* Frameworks */ = {
			isa = PBXFrameworksBuildPhase;
			buildActionMask = 2147483647;
			files = (
			);
			runOnlyForDeploymentPostprocessing = 0;
		};
		12AF430F2062AE47006A7EBE /* Frameworks */ = {
			isa = PBXFrameworksBuildPhase;
			buildActionMask = 2147483647;
			files = (
			);
			runOnlyForDeploymentPostprocessing = 0;
		};
		12AF431A2062AE47006A7EBE /* Frameworks */ = {
			isa = PBXFrameworksBuildPhase;
			buildActionMask = 2147483647;
			files = (
			);
			runOnlyForDeploymentPostprocessing = 0;
		};
/* End PBXFrameworksBuildPhase section */

/* Begin PBXGroup section */
		12AF42F52062AE47006A7EBE = {
			isa = PBXGroup;
			children = (
				12AF43002062AE47006A7EBE /* quiz */,
				12AF43152062AE47006A7EBE /* quizTests */,
				12AF43202062AE48006A7EBE /* quizUITests */,
				12AF42FF2062AE47006A7EBE /* Products */,
			);
			sourceTree = "<group>";
		};
		12AF42FF2062AE47006A7EBE /* Products */ = {
			isa = PBXGroup;
			children = (
				12AF42FE2062AE47006A7EBE /* quiz.app */,
				12AF43122062AE47006A7EBE /* quizTests.xctest */,
				12AF431D2062AE48006A7EBE /* quizUITests.xctest */,
			);
			name = Products;
			sourceTree = "<group>";
		};
		12AF43002062AE47006A7EBE /* quiz */ = {
			isa = PBXGroup;
			children = (
				12AF43012062AE47006A7EBE /* AppDelegate.swift */,
				12AF43032062AE47006A7EBE /* ViewController.swift */,
				12AF43052062AE47006A7EBE /* Main.storyboard */,
				12AF43082062AE47006A7EBE /* Assets.xcassets */,
				12AF430A2062AE47006A7EBE /* LaunchScreen.storyboard */,
				12AF430D2062AE47006A7EBE /* Info.plist */,
			);
			path = quiz;
			sourceTree = "<group>";
		};
		12AF43152062AE47006A7EBE /* quizTests */ = {
			isa = PBXGroup;
			children = (
				12AF43162062AE47006A7EBE /* quizTests.swift */,
				12AF43182062AE47006A7EBE /* Info.plist */,
			);
			path = quizTests;
			sourceTree = "<group>";
		};
		12AF43202062AE48006A7EBE /* quizUITests */ = {
			isa = PBXGroup;
			children = (
				12AF43212062AE48006A7EBE /* quizUITests.swift */,
				12AF43232062AE48006A7EBE /* Info.plist */,
			);
			path = quizUITests;
			sourceTree = "<group>";
		};
/* End PBXGroup section */

/* Begin PBXNativeTarget section */
		12AF42FD2062AE47006A7EBE /* quiz */ = {
			isa = PBXNativeTarget;
			buildConfigurationList = 12AF43262062AE48006A7EBE /* Build configuration list for PBXNativeTarget "quiz" */;
			buildPhases = (
				12AF42FA2062AE47006A7EBE /* Sources */,
				12AF42FB2062AE47006A7EBE /* Frameworks */,
				12AF42FC2062AE47006A7EBE /* Resources */,
			);
			buildRules = (
			);
			dependencies = (
			);
			name = quiz;
			productName = quiz;
			productReference = 12AF42FE2062AE47006A7EBE /* quiz.app */;
			productType = "com.apple.product-type.application";
		};
		12AF43112062AE47006A7EBE /* quizTests */ = {
			isa = PBXNativeTarget;
			buildConfigurationList = 12AF43292062AE48006A7EBE /* Build configuration list for PBXNativeTarget "quizTests" */;
			buildPhases = (
				12AF430E2062AE47006A7EBE /* Sources */,
				12AF430F2062AE47006A7EBE /* Frameworks */,
				12AF43102062AE47006A7EBE /* Resources */,
			);
			buildRules = (
			);
			dependencies = (
				12AF43142062AE47006A7EBE /* PBXTargetDependency */,
			);
			name = quizTests;
			productName = quizTests;
			productReference = 12AF43122062AE47006A7EBE /* quizTests.xctest */;
			productType = "com.apple.product-type.bundle.unit-test";
		};
		12AF431C2062AE47006A7EBE /* quizUITests */ = {
			isa = PBXNativeTarget;
			buildConfigurationList = 12AF432C2062AE48006A7EBE /* Build configuration list for PBXNativeTarget "quizUITests" */;
			buildPhases = (
				12AF43192062AE47006A7EBE /* Sources */,
				12AF431A2062AE47006A7EBE /* Frameworks */,
				12AF431B2062AE47006A7EBE /* Resources */,
			);
			buildRules = (
			);
			dependencies = (
				12AF431F2062AE48006A7EBE /* PBXTargetDependency */,
			);
			name = quizUITests;
			productName = quizUITests;
			productReference = 12AF431D2062AE48006A7EBE /* quizUITests.xctest */;
			productType = "com.apple.product-type.bundle.ui-testing";
		};
/* End PBXNativeTarget section */

/* Begin PBXProject section */
		12AF42F62062AE47006A7EBE /* Project object */ = {
			isa = PBXProject;
			attributes = {
				LastSwiftUpdateCheck = 0920;
				LastUpgradeCheck = 0920;
				ORGANIZATIONNAME = "pranjal bharali";
				TargetAttributes = {
					12AF42FD2062AE47006A7EBE = {
						CreatedOnToolsVersion = 9.2;
						ProvisioningStyle = Automatic;
					};
					12AF43112062AE47006A7EBE = {
						CreatedOnToolsVersion = 9.2;
						ProvisioningStyle = Automatic;
						TestTargetID = 12AF42FD2062AE47006A7EBE;
					};
					12AF431C2062AE47006A7EBE = {
						CreatedOnToolsVersion = 9.2;
						ProvisioningStyle = Automatic;
						TestTargetID = 12AF42FD2062AE47006A7EBE;
					};
				};
			};
			buildConfigurationList = 12AF42F92062AE47006A7EBE /* Build configuration list for PBXProject "quiz" */;
			compatibilityVersion = "Xcode 8.0";
			developmentRegion = en;
			hasScannedForEncodings = 0;
			knownRegions = (
				en,
				Base,
			);
			mainGroup = 12AF42F52062AE47006A7EBE;
			productRefGroup = 12AF42FF2062AE47006A7EBE /* Products */;
			projectDirPath = "";
			projectRoot = "";
			targets = (
				12AF42FD2062AE47006A7EBE /* quiz */,
				12AF43112062AE47006A7EBE /* quizTests */,
				12AF431C2062AE47006A7EBE /* quizUITests */,
			);
		};
/* End PBXProject section */

/* Begin PBXResourcesBuildPhase section */
		12AF42FC2062AE47006A7EBE /* Resources */ = {
			isa = PBXResourcesBuildPhase;
			buildActionMask = 2147483647;
			files = (
				12AF430C2062AE47006A7EBE /* LaunchScreen.storyboard in Resources */,
				12AF43092062AE47006A7EBE /* Assets.xcassets in Resources */,
				12AF43072062AE47006A7EBE /* Main.storyboard in Resources */,
			);
			runOnlyForDeploymentPostprocessing = 0;
		};
		12AF43102062AE47006A7EBE /* Resources */ = {
			isa = PBXResourcesBuildPhase;
			buildActionMask = 2147483647;
			files = (
			);
			runOnlyForDeploymentPostprocessing = 0;
		};
		12AF431B2062AE47006A7EBE /* Resources */ = {
			isa = PBXResourcesBuildPhase;
			buildActionMask = 2147483647;
			files = (
			);
			runOnlyForDeploymentPostprocessing = 0;
		};
/* End PBXResourcesBuildPhase section */

/* Begin PBXSourcesBuildPhase section */
		12AF42FA2062AE47006A7EBE /* Sources */ = {
			isa = PBXSourcesBuildPhase;
			buildActionMask = 2147483647;
			files = (
				12AF43042062AE47006A7EBE /* ViewController.swift in Sources */,
				12AF43022062AE47006A7EBE /* AppDelegate.swift in Sources */,
			);
			runOnlyForDeploymentPostprocessing = 0;
		};
		12AF430E2062AE47006A7EBE /* Sources */ = {
			isa = PBXSourcesBuildPhase;
			buildActionMask = 2147483647;
			files = (
				12AF43172062AE47006A7EBE /* quizTests.swift in Sources */,
			);
			runOnlyForDeploymentPostprocessing = 0;
		};
		12AF43192062AE47006A7EBE /* Sources */ = {
			isa = PBXSourcesBuildPhase;
			buildActionMask = 2147483647;
			files = (
				12AF43222062AE48006A7EBE /* quizUITests.swift in Sources */,
			);
			runOnlyForDeploymentPostprocessing = 0;
		};
/* End PBXSourcesBuildPhase section */

/* Begin PBXTargetDependency section */
		12AF43142062AE47006A7EBE /* PBXTargetDependency */ = {
			isa = PBXTargetDependency;
			target = 12AF42FD2062AE47006A7EBE /* quiz */;
			targetProxy = 12AF43132062AE47006A7EBE /* PBXContainerItemProxy */;
		};
		12AF431F2062AE48006A7EBE /* PBXTargetDependency */ = {
			isa = PBXTargetDependency;
			target = 12AF42FD2062AE47006A7EBE /* quiz */;
			targetProxy = 12AF431E2062AE48006A7EBE /* PBXContainerItemProxy */;
		};
/* End PBXTargetDependency section */

/* Begin PBXVariantGroup section */
		12AF43052062AE47006A7EBE /* Main.storyboard */ = {
			isa = PBXVariantGroup;
			children = (
				12AF43062062AE47006A7EBE /* Base */,
			);
			name = Main.storyboard;
			sourceTree = "<group>";
		};
		12AF430A2062AE47006A7EBE /* LaunchScreen.storyboard */ = {
			isa = PBXVariantGroup;
			children = (
				12AF430B2062AE47006A7EBE /* Base */,
			);
			name = LaunchScreen.storyboard;
			sourceTree = "<group>";
		};
/* End PBXVariantGroup section */

/* Begin XCBuildConfiguration section */
		12AF43242062AE48006A7EBE /* Debug */ = {
			isa = XCBuildConfiguration;
			buildSettings = {
				ALWAYS_SEARCH_USER_PATHS = NO;
				CLANG_ANALYZER_NONNULL = YES;
				CLANG_ANALYZER_NUMBER_OBJECT_CONVERSION = YES_AGGRESSIVE;
				CLANG_CXX_LANGUAGE_STANDARD = "gnu++14";
				CLANG_CXX_LIBRARY = "libc++";
				CLANG_ENABLE_MODULES = YES;
				CLANG_ENABLE_OBJC_ARC = YES;
				CLANG_WARN_BLOCK_CAPTURE_AUTORELEASING = YES;
				CLANG_WARN_BOOL_CONVERSION = YES;
				CLANG_WARN_COMMA = YES;
				CLANG_WARN_CONSTANT_CONVERSION = YES;
				CLANG_WARN_DIRECT_OBJC_ISA_USAGE = YES_ERROR;
				CLANG_WARN_DOCUMENTATION_COMMENTS = YES;
				CLANG_WARN_EMPTY_BODY = YES;
				CLANG_WARN_ENUM_CONVERSION = YES;
				CLANG_WARN_INFINITE_RECURSION = YES;
				CLANG_WARN_INT_CONVERSION = YES;
				CLANG_WARN_NON_LITERAL_NULL_CONVERSION = YES;
				CLANG_WARN_OBJC_LITERAL_CONVERSION = YES;
				CLANG_WARN_OBJC_ROOT_CLASS = YES_ERROR;
				CLANG_WARN_RANGE_LOOP_ANALYSIS = YES;
				CLANG_WARN_STRICT_PROTOTYPES = YES;
				CLANG_WARN_SUSPICIOUS_MOVE = YES;
				CLANG_WARN_UNGUARDED_AVAILABILITY = YES_AGGRESSIVE;
				CLANG_WARN_UNREACHABLE_CODE = YES;
				CLANG_WARN__DUPLICATE_METHOD_MATCH = YES;
				CODE_SIGN_IDENTITY = "iPhone Developer";
				COPY_PHASE_STRIP = NO;
				DEBUG_INFORMATION_FORMAT = dwarf;
				ENABLE_STRICT_OBJC_MSGSEND = YES;
				ENABLE_TESTABILITY = YES;
				GCC_C_LANGUAGE_STANDARD = gnu11;
				GCC_DYNAMIC_NO_PIC = NO;
				GCC_NO_COMMON_BLOCKS = YES;
				GCC_OPTIMIZATION_LEVEL = 0;
				GCC_PREPROCESSOR_DEFINITIONS = (
					"DEBUG=1",
					"$(inherited)",
				);
				GCC_WARN_64_TO_32_BIT_CONVERSION = YES;
				GCC_WARN_ABOUT_RETURN_TYPE = YES_ERROR;
				GCC_WARN_UNDECLARED_SELECTOR = YES;
				GCC_WARN_UNINITIALIZED_AUTOS = YES_AGGRESSIVE;
				GCC_WARN_UNUSED_FUNCTION = YES;
				GCC_WARN_UNUSED_VARIABLE = YES;
				IPHONEOS_DEPLOYMENT_TARGET = 11.2;
				MTL_ENABLE_DEBUG_INFO = YES;
				ONLY_ACTIVE_ARCH = YES;
				SDKROOT = iphoneos;
				SWIFT_ACTIVE_COMPILATION_CONDITIONS = DEBUG;
				SWIFT_OPTIMIZATION_LEVEL = "-Onone";
			};
			name = Debug;
		};
		12AF43252062AE48006A7EBE /* Release */ = {
			isa = XCBuildConfiguration;
			buildSettings = {
				ALWAYS_SEARCH_USER_PATHS = NO;
				CLANG_ANALYZER_NONNULL = YES;
				CLANG_ANALYZER_NUMBER_OBJECT_CONVERSION = YES_AGGRESSIVE;
				CLANG_CXX_LANGUAGE_STANDARD = "gnu++14";
				CLANG_CXX_LIBRARY = "libc++";
				CLANG_ENABLE_MODULES = YES;
				CLANG_ENABLE_OBJC_ARC = YES;
				CLANG_WARN_BLOCK_CAPTURE_AUTORELEASING = YES;
				CLANG_WARN_BOOL_CONVERSION = YES;
				CLANG_WARN_COMMA = YES;
				CLANG_WARN_CONSTANT_CONVERSION = YES;
				CLANG_WARN_DIRECT_OBJC_ISA_USAGE = YES_ERROR;
				CLANG_WARN_DOCUMENTATION_COMMENTS = YES;
				CLANG_WARN_EMPTY_BODY = YES;
				CLANG_WARN_ENUM_CONVERSION = YES;
				CLANG_WARN_INFINITE_RECURSION = YES;
				CLANG_WARN_INT_CONVERSION = YES;
				CLANG_WARN_NON_LITERAL_NULL_CONVERSION = YES;
				CLANG_WARN_OBJC_LITERAL_CONVERSION = YES;
				CLANG_WARN_OBJC_ROOT_CLASS = YES_ERROR;
				CLANG_WARN_RANGE_LOOP_ANALYSIS = YES;
				CLANG_WARN_STRICT_PROTOTYPES = YES;
				CLANG_WARN_SUSPICIOUS_MOVE = YES;
				CLANG_WARN_UNGUARDED_AVAILABILITY = YES_AGGRESSIVE;
				CLANG_WARN_UNREACHABLE_CODE = YES;
				CLANG_WARN__DUPLICATE_METHOD_MATCH = YES;
				CODE_SIGN_IDENTITY = "iPhone Developer";
				COPY_PHASE_STRIP = NO;
				DEBUG_INFORMATION_FORMAT = "dwarf-with-dsym";
				ENABLE_NS_ASSERTIONS = NO;
				ENABLE_STRICT_OBJC_MSGSEND = YES;
				GCC_C_LANGUAGE_STANDARD = gnu11;
				GCC_NO_COMMON_BLOCKS = YES;
				GCC_WARN_64_TO_32_BIT_CONVERSION = YES;
				GCC_WARN_ABOUT_RETURN_TYPE = YES_ERROR;
				GCC_WARN_UNDECLARED_SELECTOR = YES;
				GCC_WARN_UNINITIALIZED_AUTOS = YES_AGGRESSIVE;
				GCC_WARN_UNUSED_FUNCTION = YES;
				GCC_WARN_UNUSED_VARIABLE = YES;
				IPHONEOS_DEPLOYMENT_TARGET = 11.2;
				MTL_ENABLE_DEBUG_INFO = NO;
				SDKROOT = iphoneos;
				SWIFT_OPTIMIZATION_LEVEL = "-Owholemodule";
				VALIDATE_PRODUCT = YES;
			};
			name = Release;
		};
		12AF43272062AE48006A7EBE /* Debug */ = {
			isa = XCBuildConfiguration;
			buildSettings = {
				ASSETCATALOG_COMPILER_APPICON_NAME = AppIcon;
				CODE_SIGN_STYLE = Automatic;
				INFOPLIST_FILE = quiz/Info.plist;
				LD_RUNPATH_SEARCH_PATHS = "$(inherited) @executable_path/Frameworks";
				PRODUCT_BUNDLE_IDENTIFIER = com.pranjal.helloworldapp.myfirst.mypet.image.quiz;
				PRODUCT_NAME = "$(TARGET_NAME)";
				SWIFT_VERSION = 4.0;
				TARGETED_DEVICE_FAMILY = "1,2";
			};
			name = Debug;
		};
		12AF43282062AE48006A7EBE /* Release */ = {
			isa = XCBuildConfiguration;
			buildSettings = {
				ASSETCATALOG_COMPILER_APPICON_NAME = AppIcon;
				CODE_SIGN_STYLE = Automatic;
				INFOPLIST_FILE = quiz/Info.plist;
				LD_RUNPATH_SEARCH_PATHS = "$(inherited) @executable_path/Frameworks";
				PRODUCT_BUNDLE_IDENTIFIER = com.pranjal.helloworldapp.myfirst.mypet.image.quiz;
				PRODUCT_NAME = "$(TARGET_NAME)";
				SWIFT_VERSION = 4.0;
				TARGETED_DEVICE_FAMILY = "1,2";
			};
			name = Release;
		};
		12AF432A2062AE48006A7EBE /* Debug */ = {
			isa = XCBuildConfiguration;
			buildSettings = {
				ALWAYS_EMBED_SWIFT_STANDARD_LIBRARIES = YES;
				BUNDLE_LOADER = "$(TEST_HOST)";
				CODE_SIGN_STYLE = Automatic;
				INFOPLIST_FILE = quizTests/Info.plist;
				LD_RUNPATH_SEARCH_PATHS = "$(inherited) @executable_path/Frameworks @loader_path/Frameworks";
				PRODUCT_BUNDLE_IDENTIFIER = com.pranjal.helloworldapp.myfirst.mypet.image.quizTests;
				PRODUCT_NAME = "$(TARGET_NAME)";
				SWIFT_VERSION = 4.0;
				TARGETED_DEVICE_FAMILY = "1,2";
				TEST_HOST = "$(BUILT_PRODUCTS_DIR)/quiz.app/quiz";
			};
			name = Debug;
		};
		12AF432B2062AE48006A7EBE /* Release */ = {
			isa = XCBuildConfiguration;
			buildSettings = {
				ALWAYS_EMBED_SWIFT_STANDARD_LIBRARIES = YES;
				BUNDLE_LOADER = "$(TEST_HOST)";
				CODE_SIGN_STYLE = Automatic;
				INFOPLIST_FILE = quizTests/Info.plist;
				LD_RUNPATH_SEARCH_PATHS = "$(inherited) @executable_path/Frameworks @loader_path/Frameworks";
				PRODUCT_BUNDLE_IDENTIFIER = com.pranjal.helloworldapp.myfirst.mypet.image.quizTests;
				PRODUCT_NAME = "$(TARGET_NAME)";
				SWIFT_VERSION = 4.0;
				TARGETED_DEVICE_FAMILY = "1,2";
				TEST_HOST = "$(BUILT_PRODUCTS_DIR)/quiz.app/quiz";
			};
			name = Release;
		};
		12AF432D2062AE48006A7EBE /* Debug */ = {
			isa = XCBuildConfiguration;
			buildSettings = {
				ALWAYS_EMBED_SWIFT_STANDARD_LIBRARIES = YES;
				CODE_SIGN_STYLE = Automatic;
				INFOPLIST_FILE = quizUITests/Info.plist;
				LD_RUNPATH_SEARCH_PATHS = "$(inherited) @executable_path/Frameworks @loader_path/Frameworks";
				PRODUCT_BUNDLE_IDENTIFIER = com.pranjal.helloworldapp.myfirst.mypet.image.quizUITests;
				PRODUCT_NAME = "$(TARGET_NAME)";
				SWIFT_VERSION = 4.0;
				TARGETED_DEVICE_FAMILY = "1,2";
				TEST_TARGET_NAME = quiz;
			};
			name = Debug;
		};
		12AF432E2062AE48006A7EBE /* Release */ = {
			isa = XCBuildConfiguration;
			buildSettings = {
				ALWAYS_EMBED_SWIFT_STANDARD_LIBRARIES = YES;
				CODE_SIGN_STYLE = Automatic;
				INFOPLIST_FILE = quizUITests/Info.plist;
				LD_RUNPATH_SEARCH_PATHS = "$(inherited) @executable_path/Frameworks @loader_path/Frameworks";
				PRODUCT_BUNDLE_IDENTIFIER = com.pranjal.helloworldapp.myfirst.mypet.image.quizUITests;
				PRODUCT_NAME = "$(TARGET_NAME)";
				SWIFT_VERSION = 4.0;
				TARGETED_DEVICE_FAMILY = "1,2";
				TEST_TARGET_NAME = quiz;
			};
			name = Release;
		};
/* End XCBuildConfiguration section */

/* Begin XCConfigurationList section */
		12AF42F92062AE47006A7EBE /* Build configuration list for PBXProject "quiz" */ = {
			isa = XCConfigurationList;
			buildConfigurations = (
				12AF43242062AE48006A7EBE /* Debug */,
				12AF43252062AE48006A7EBE /* Release */,
			);
			defaultConfigurationIsVisible = 0;
			defaultConfigurationName = Release;
		};
		12AF43262062AE48006A7EBE /* Build configuration list for PBXNativeTarget "quiz" */ = {
			isa = XCConfigurationList;
			buildConfigurations = (
				12AF43272062AE48006A7EBE /* Debug */,
				12AF43282062AE48006A7EBE /* Release */,
			);
			defaultConfigurationIsVisible = 0;
			defaultConfigurationName = Release;
		};
		12AF43292062AE48006A7EBE /* Build configuration list for PBXNativeTarget "quizTests" */ = {
			isa = XCConfigurationList;
			buildConfigurations = (
				12AF432A2062AE48006A7EBE /* Debug */,
				12AF432B2062AE48006A7EBE /* Release */,
			);
			defaultConfigurationIsVisible = 0;
			defaultConfigurationName = Release;
		};
		12AF432C2062AE48006A7EBE /* Build configuration list for PBXNativeTarget "quizUITests" */ = {
			isa = XCConfigurationList;
			buildConfigurations = (
				12AF432D2062AE48006A7EBE /* Debug */,
				12AF432E2062AE48006A7EBE /* Release */,
			);
			defaultConfigurationIsVisible = 0;
			defaultConfigurationName = Release;
		};
/* End XCConfigurationList section */
	};
	rootObject = 12AF42F62062AE47006A7EBE /* Project object */;
}
